
Microsoft Visual Studio Solution File, Format Version 12.00
# Visual Studio Version 17
VisualStudioVersion = 17.7.34024.191
MinimumVisualStudioVersion = 10.0.40219.1
Project("{FAE04EC0-301F-11D3-BF4B-00C04F79EFBC}") = "MedicalBob", "MedicalBob\MedicalBob.csproj", "{975D68DE-983C-4D80-A54D-373720AC29BE}"
EndProject
Global
	GlobalSection(SolutionConfigurationPlatforms) = preSolution
		Debug|Any CPU = Debug|Any CPU
		Release|Any CPU = Release|Any CPU
	EndGlobalSection
	GlobalSection(ProjectConfigurationPlatforms) = postSolution
		{975D68DE-983C-4D80-A54D-373720AC29BE}.Debug|Any CPU.ActiveCfg = Debug|Any CPU
		{975D68DE-983C-4D80-A54D-373720AC29BE}.Debug|Any CPU.Build.0 = Debug|Any CPU
		{975D68DE-983C-4D80-A54D-373720AC29BE}.Release|Any CPU.ActiveCfg = Release|Any CPU
		{975D68DE-983C-4D80-A54D-373720AC29BE}.Release|Any CPU.Build.0 = Release|Any CPU
	EndGlobalSection
	GlobalSection(SolutionProperties) = preSolution
		HideSolutionNode = FALSE
	EndGlobalSection
	GlobalSection(ExtensibilityGlobals) = postSolution
		SolutionGuid = {40E108CF-196B-4D57-9DA0-586BF263CF45}
	EndGlobalSection
EndGlobal
